
Microsoft Visual Studio Solution File, Format Version 12.00
# Visual Studio Version 17
VisualStudioVersion = 17.8.34316.72
MinimumVisualStudioVersion = 10.0.40219.1
Project("{FAE04EC0-301F-11D3-BF4B-00C04F79EFBC}") = "EmprestimosLivros.API", "EmprestimosLivros.API\EmprestimosLivros.API.csproj", "{AFC153B3-A75D-4532-908B-A548763EB5F2}"
EndProject
Global
	GlobalSection(SolutionConfigurationPlatforms) = preSolution
		Debug|Any CPU = Debug|Any CPU
		Release|Any CPU = Release|Any CPU
	EndGlobalSection
	GlobalSection(ProjectConfigurationPlatforms) = postSolution
		{AFC153B3-A75D-4532-908B-A548763EB5F2}.Debug|Any CPU.ActiveCfg = Debug|Any CPU
		{AFC153B3-A75D-4532-908B-A548763EB5F2}.Debug|Any CPU.Build.0 = Debug|Any CPU
		{AFC153B3-A75D-4532-908B-A548763EB5F2}.Release|Any CPU.ActiveCfg = Release|Any CPU
		{AFC153B3-A75D-4532-908B-A548763EB5F2}.Release|Any CPU.Build.0 = Release|Any CPU
	EndGlobalSection
	GlobalSection(SolutionProperties) = preSolution
		HideSolutionNode = FALSE
	EndGlobalSection
	GlobalSection(ExtensibilityGlobals) = postSolution
		SolutionGuid = {C698639D-07FB-4A42-9FC1-88E30C5C431F}
	EndGlobalSection
EndGlobal
